
Microsoft Visual Studio Solution File, Format Version 12.00
# Visual Studio 15
VisualStudioVersion = 15.0.26014.0
MinimumVisualStudioVersion = 10.0.40219.1
Project("{FAE04EC0-301F-11D3-BF4B-00C04F79EFBC}") = "Dashboard.Server.WebSocket", "Dashboard.Server.WebSocket\Dashboard.Server.WebSocket.csproj", "{A1271419-AB95-4DD3-9881-C732182AF0E9}"
EndProject
Project("{FAE04EC0-301F-11D3-BF4B-00C04F79EFBC}") = "Dashboard.Server.Service", "Dashboard.Server.Service\Dashboard.Server.Service.csproj", "{96829234-0998-4EFE-9323-B50B603296BF}"
EndProject
Project("{FAE04EC0-301F-11D3-BF4B-00C04F79EFBC}") = "Dashboard.Server.Monitor", "Dashboard.Server.Monitor\Dashboard.Server.Monitor.csproj", "{70DBA6E3-DE37-4AB2-BCE5-B904C7F73CEA}"
EndProject
Global
	GlobalSection(SolutionConfigurationPlatforms) = preSolution
		Debug|Any CPU = Debug|Any CPU
		Debug|x64 = Debug|x64
		Debug|x86 = Debug|x86
		Release|Any CPU = Release|Any CPU
		Release|x64 = Release|x64
		Release|x86 = Release|x86
	EndGlobalSection
	GlobalSection(ProjectConfigurationPlatforms) = postSolution
		{A1271419-AB95-4DD3-9881-C732182AF0E9}.Debug|Any CPU.ActiveCfg = Debug|Any CPU
		{A1271419-AB95-4DD3-9881-C732182AF0E9}.Debug|Any CPU.Build.0 = Debug|Any CPU
		{A1271419-AB95-4DD3-9881-C732182AF0E9}.Debug|x64.ActiveCfg = Debug|x64
		{A1271419-AB95-4DD3-9881-C732182AF0E9}.Debug|x64.Build.0 = Debug|x64
		{A1271419-AB95-4DD3-9881-C732182AF0E9}.Debug|x86.ActiveCfg = Debug|x86
		{A1271419-AB95-4DD3-9881-C732182AF0E9}.Debug|x86.Build.0 = Debug|x86
		{A1271419-AB95-4DD3-9881-C732182AF0E9}.Release|Any CPU.ActiveCfg = Release|Any CPU
		{A1271419-AB95-4DD3-9881-C732182AF0E9}.Release|Any CPU.Build.0 = Release|Any CPU
		{A1271419-AB95-4DD3-9881-C732182AF0E9}.Release|x64.ActiveCfg = Release|x64
		{A1271419-AB95-4DD3-9881-C732182AF0E9}.Release|x64.Build.0 = Release|x64
		{A1271419-AB95-4DD3-9881-C732182AF0E9}.Release|x86.ActiveCfg = Release|x86
		{A1271419-AB95-4DD3-9881-C732182AF0E9}.Release|x86.Build.0 = Release|x86
		{96829234-0998-4EFE-9323-B50B603296BF}.Debug|Any CPU.ActiveCfg = Debug|Any CPU
		{96829234-0998-4EFE-9323-B50B603296BF}.Debug|Any CPU.Build.0 = Debug|Any CPU
		{96829234-0998-4EFE-9323-B50B603296BF}.Debug|x64.ActiveCfg = Debug|x64
		{96829234-0998-4EFE-9323-B50B603296BF}.Debug|x64.Build.0 = Debug|x64
		{96829234-0998-4EFE-9323-B50B603296BF}.Debug|x86.ActiveCfg = Debug|x86
		{96829234-0998-4EFE-9323-B50B603296BF}.Debug|x86.Build.0 = Debug|x86
		{96829234-0998-4EFE-9323-B50B603296BF}.Release|Any CPU.ActiveCfg = Release|Any CPU
		{96829234-0998-4EFE-9323-B50B603296BF}.Release|Any CPU.Build.0 = Release|Any CPU
		{96829234-0998-4EFE-9323-B50B603296BF}.Release|x64.ActiveCfg = Release|x64
		{96829234-0998-4EFE-9323-B50B603296BF}.Release|x64.Build.0 = Release|x64
		{96829234-0998-4EFE-9323-B50B603296BF}.Release|x86.ActiveCfg = Release|x86
		{96829234-0998-4EFE-9323-B50B603296BF}.Release|x86.Build.0 = Release|x86
		{70DBA6E3-DE37-4AB2-BCE5-B904C7F73CEA}.Debug|Any CPU.ActiveCfg = Debug|Any CPU
		{70DBA6E3-DE37-4AB2-BCE5-B904C7F73CEA}.Debug|Any CPU.Build.0 = Debug|Any CPU
		{70DBA6E3-DE37-4AB2-BCE5-B904C7F73CEA}.Debug|x64.ActiveCfg = Debug|x64
		{70DBA6E3-DE37-4AB2-BCE5-B904C7F73CEA}.Debug|x64.Build.0 = Debug|x64
		{70DBA6E3-DE37-4AB2-BCE5-B904C7F73CEA}.Debug|x86.ActiveCfg = Debug|x86
		{70DBA6E3-DE37-4AB2-BCE5-B904C7F73CEA}.Debug|x86.Build.0 = Debug|x86
		{70DBA6E3-DE37-4AB2-BCE5-B904C7F73CEA}.Release|Any CPU.ActiveCfg = Release|Any CPU
		{70DBA6E3-DE37-4AB2-BCE5-B904C7F73CEA}.Release|Any CPU.Build.0 = Release|Any CPU
		{70DBA6E3-DE37-4AB2-BCE5-B904C7F73CEA}.Release|x64.ActiveCfg = Release|x64
		{70DBA6E3-DE37-4AB2-BCE5-B904C7F73CEA}.Release|x64.Build.0 = Release|x64
		{70DBA6E3-DE37-4AB2-BCE5-B904C7F73CEA}.Release|x86.ActiveCfg = Release|x86
		{70DBA6E3-DE37-4AB2-BCE5-B904C7F73CEA}.Release|x86.Build.0 = Release|x86
	EndGlobalSection
	GlobalSection(SolutionProperties) = preSolution
		HideSolutionNode = FALSE
	EndGlobalSection
EndGlobal
